PODS:
  - connectivity (0.0.1):
    - Flutter
    - Reachability
  - device_info (0.0.1):
    - Flutter
  - Flutter (1.0.0)
  - flutter_appcenter (1.0.10):
    - AppCenter (~> 3.2.0)
    - AppCenter/Distribute (~> 3.2.0)
    - Flutter
  - flutter_local_notifications (0.0.1):
    - Flutter
  - flutter_mapbox_native (0.0.1):
    - Flutter
    - Mapbox-iOS-SDK (~> 6.3.0)
  - fluwx (0.0.1):
    - Flutter
    - WechatOpenSDK (= 1.8.7.1)
  - FMDB (2.7.5):
    - FMDB/standard (= 2.7.5)
  - FMDB/standard (2.7.5)
  - geolocator (6.2.0):
    - Flutter
  - integration_test (0.0.1):
    - Flutter
  - local_auth (0.0.1):
    - Flutter
  - location (0.0.1):
    - Flutter
  - majascan (0.0.4):
    - Flutter
  - Mapbox-iOS-SDK (6.3.0):
    - MapboxMobileEvents (~> 0.10.4)
  - mapbox_gl (0.0.1):
    - Flutter
    - Mapbox-iOS-SDK (~> 6.3.0)
    - MapboxAnnotationExtension (~> 0.0.1-beta.1)
  - MapboxAnnotationExtension (0.0.1-beta.2):
    - Mapbox-iOS-SDK (~> 6.0)
  - MapboxMobileEvents (0.10.8)
  - native_screenshot (0.0.1):
    - Flutter
  - package_info (0.0.1):
    - Flutter
  - path_provider (0.0.1):
    - Flutter
  - "permission_handler (5.1.0+2)":
    - Flutter
  - Reachability (3.2)
  - share (0.0.1):
    - Flutter
  - shared_preferences (0.0.1):
    - Flutter
  - sqflite (0.0.2):
    - Flutter
    - FMDB (>= 2.7.5)
  - url_launcher (0.0.1):
    - Flutter
  - webview_flutter (0.0.1):
    - Flutter
  - WechatOpenSDK (1.8.7.1)

DEPENDENCIES:
  - connectivity (from `.symlinks/plugins/connectivity/ios`)
  - device_info (from `.symlinks/plugins/device_info/ios`)
  - Flutter (from `Flutter`)
  - flutter_appcenter (from `.symlinks/plugins/flutter_appcenter/ios`)
  - flutter_local_notifications (from `.symlinks/plugins/flutter_local_notifications/ios`)
  - flutter_mapbox_native (from `.symlinks/plugins/flutter_mapbox_native/ios`)
  - fluwx (from `.symlinks/plugins/fluwx/ios`)
  - geolocator (from `.symlinks/plugins/geolocator/ios`)
  - integration_test (from `.symlinks/plugins/integration_test/ios`)
  - local_auth (from `.symlinks/plugins/local_auth/ios`)
  - location (from `.symlinks/plugins/location/ios`)
  - majascan (from `.symlinks/plugins/majascan/ios`)
  - mapbox_gl (from `.symlinks/plugins/mapbox_gl/ios`)
  - native_screenshot (from `.symlinks/plugins/native_screenshot/ios`)
  - package_info (from `.symlinks/plugins/package_info/ios`)
  - path_provider (from `.symlinks/plugins/path_provider/ios`)
  - permission_handler (from `.symlinks/plugins/permission_handler/ios`)
  - share (from `.symlinks/plugins/share/ios`)
  - shared_preferences (from `.symlinks/plugins/shared_preferences/ios`)
  - sqflite (from `.symlinks/plugins/sqflite/ios`)
  - url_launcher (from `.symlinks/plugins/url_launcher/ios`)
  - webview_flutter (from `.symlinks/plugins/webview_flutter/ios`)

SPEC REPOS:
  trunk:
    - FMDB
    - Mapbox-iOS-SDK
    - MapboxAnnotationExtension
    - MapboxMobileEvents
    - Reachability
    - WechatOpenSDK

EXTERNAL SOURCES:
  connectivity:
    :path: ".symlinks/plugins/connectivity/ios"
  device_info:
    :path: ".symlinks/plugins/device_info/ios"
  Flutter:
    :path: Flutter
  flutter_appcenter:
    :path: ".symlinks/plugins/flutter_appcenter/ios"
  flutter_local_notifications:
    :path: ".symlinks/plugins/flutter_local_notifications/ios"
  flutter_mapbox_native:
    :path: ".symlinks/plugins/flutter_mapbox_native/ios"
  fluwx:
    :path: ".symlinks/plugins/fluwx/ios"
  geolocator:
    :path: ".symlinks/plugins/geolocator/ios"
  integration_test:
    :path: ".symlinks/plugins/integration_test/ios"
  local_auth:
    :path: ".symlinks/plugins/local_auth/ios"
  location:
    :path: ".symlinks/plugins/location/ios"
  majascan:
    :path: ".symlinks/plugins/majascan/ios"
  mapbox_gl:
    :path: ".symlinks/plugins/mapbox_gl/ios"
  native_screenshot:
    :path: ".symlinks/plugins/native_screenshot/ios"
  package_info:
    :path: ".symlinks/plugins/package_info/ios"
  path_provider:
    :path: ".symlinks/plugins/path_provider/ios"
  permission_handler:
    :path: ".symlinks/plugins/permission_handler/ios"
  share:
    :path: ".symlinks/plugins/share/ios"
  shared_preferences:
    :path: ".symlinks/plugins/shared_preferences/ios"
  sqflite:
    :path: ".symlinks/plugins/sqflite/ios"
  url_launcher:
    :path: ".symlinks/plugins/url_launcher/ios"
  webview_flutter:
    :path: ".symlinks/plugins/webview_flutter/ios"

SPEC CHECKSUMS:
  connectivity: c4130b2985d4ef6fd26f9702e886bd5260681467
  device_info: d7d233b645a32c40dfdc212de5cf646ca482f175
  Flutter: 434fef37c0980e73bb6479ef766c45957d4b510c
  flutter_appcenter: d705da821d33c17ad9d08ab070f32b9c39b48caf
  flutter_local_notifications: 0c0b1ae97e741e1521e4c1629a459d04b9aec743
  flutter_mapbox_native: 566bfd7a7d8f29ceb4bf30ee29634f89393fcd43
  fluwx: 07a55ed66bf3a4961e836a2a411b02dcada32902
  FMDB: 2ce00b547f966261cd18927a3ddb07cb6f3db82a
  geolocator: f5e3de65e241caba7ce3e8a618803387bda73384
  integration_test: 6eb66a19f7104200dcfdd62bc0077e1b09686e4f
  local_auth: 25938960984c3a7f6e3253e3f8d962fdd16852bd
  location: 3a2eed4dd2fab25e7b7baf2a9efefe82b512d740
  majascan: 6ad3804777ac93f1ca09160e5d38197e4387081d
  Mapbox-iOS-SDK: 2563ed87ead6ec08f1c2090873977b8a7be335a8
  mapbox_gl: 4b91045a7fefc61a8813bad5248f54a8bd8bd1e5
  MapboxAnnotationExtension: 4eee6c26349ef6d909f1a23a7eae2d0f7ca5fa7d
  MapboxMobileEvents: 36ff53b135aac486eed94b61f813c7967a0c2c6f
  native_screenshot: 70900984bca8d5f42acf68611b8214b32a9f0deb
  package_info: 873975fc26034f0b863a300ad47e7f1ac6c7ec62
  path_provider: abfe2b5c733d04e238b0d8691db0cfd63a27a93c
  permission_handler: ccb20a9fad0ee9b1314a52b70b76b473c5f8dab0
  Reachability: 33e18b67625424e47b6cde6d202dce689ad7af96
  share: 0b2c3e82132f5888bccca3351c504d0003b3b410
  shared_preferences: af6bfa751691cdc24be3045c43ec037377ada40d
  sqflite: 6d358c025f5b867b29ed92fc697fd34924e11904
  url_launcher: 6fef411d543ceb26efce54b05a0a40bfd74cbbef
  webview_flutter: d2b4d6c66968ad042ad94cbb791f5b72b4678a96
  WechatOpenSDK: 6a4d1436c15b3b5fe2a0bd383f3046010186da44

PODFILE CHECKSUM: bb80c73551d63ecf65adf87c18cb675407fd859b

COCOAPODS: 1.10.0.rc.1
